
Microsoft Visual Studio Solution File, Format Version 12.00
# Visual Studio Version 17
VisualStudioVersion = 17.5.33424.131
MinimumVisualStudioVersion = 10.0.40219.1
Project("{FAE04EC0-301F-11D3-BF4B-00C04F79EFBC}") = "SignalR.API", "SignalR.API\SignalR.API.csproj", "{46D7796B-FCE2-4072-98EC-7FD477A43C03}"
EndProject
Global
	GlobalSection(SolutionConfigurationPlatforms) = preSolution
		Debug|Any CPU = Debug|Any CPU
		Release|Any CPU = Release|Any CPU
	EndGlobalSection
	GlobalSection(ProjectConfigurationPlatforms) = postSolution
		{46D7796B-FCE2-4072-98EC-7FD477A43C03}.Debug|Any CPU.ActiveCfg = Debug|Any CPU
		{46D7796B-FCE2-4072-98EC-7FD477A43C03}.Debug|Any CPU.Build.0 = Debug|Any CPU
		{46D7796B-FCE2-4072-98EC-7FD477A43C03}.Release|Any CPU.ActiveCfg = Release|Any CPU
		{46D7796B-FCE2-4072-98EC-7FD477A43C03}.Release|Any CPU.Build.0 = Release|Any CPU
	EndGlobalSection
	GlobalSection(SolutionProperties) = preSolution
		HideSolutionNode = FALSE
	EndGlobalSection
	GlobalSection(ExtensibilityGlobals) = postSolution
		SolutionGuid = {0AF16423-91CD-4B8C-A9A5-43AAC07B6839}
	EndGlobalSection
EndGlobal
